
Microsoft Visual Studio Solution File, Format Version 11.00
# Visual Studio 2010
Project("{FAE04EC0-301F-11D3-BF4B-00C04F79EFBC}") = "Assembly-CSharp", "Assembly-CSharp.csproj", "{5A173271-8CC5-566F-61F6-0D34FD49AA8E}"
EndProject
Global
	GlobalSection(SolutionConfigurationPlatforms) = preSolution
		Debug|Any CPU = Debug|Any CPU
		Release|Any CPU = Release|Any CPU
	EndGlobalSection
	GlobalSection(ProjectConfigurationPlatforms) = postSolution
		{5A173271-8CC5-566F-61F6-0D34FD49AA8E}.Debug|Any CPU.ActiveCfg = Debug|Any CPU
		{5A173271-8CC5-566F-61F6-0D34FD49AA8E}.Debug|Any CPU.Build.0 = Debug|Any CPU
		{5A173271-8CC5-566F-61F6-0D34FD49AA8E}.Release|Any CPU.ActiveCfg = Release|Any CPU
		{5A173271-8CC5-566F-61F6-0D34FD49AA8E}.Release|Any CPU.Build.0 = Release|Any CPU
	EndGlobalSection
	GlobalSection(SolutionProperties) = preSolution
		HideSolutionNode = FALSE
	EndGlobalSection
EndGlobal
